
Microsoft Visual Studio Solution File, Format Version 12.00
# Visual Studio 2013
VisualStudioVersion = 12.0.40629.0
MinimumVisualStudioVersion = 10.0.40219.1
Project("{FAE04EC0-301F-11D3-BF4B-00C04F79EFBC}") = "TcxVisualizer", "TcxVisualizer\TcxVisualizer.csproj", "{D51B519D-FDBC-4CC1-9F02-9D305A6C4703}"
EndProject
Project("{FAE04EC0-301F-11D3-BF4B-00C04F79EFBC}") = "TcxCore", "TcxCore\TcxCore.csproj", "{2E0FB9E0-BFE1-41A1-8A74-B6987CBC35E5}"
EndProject
Global
	GlobalSection(SolutionConfigurationPlatforms) = preSolution
		Debug|Any CPU = Debug|Any CPU
		Release|Any CPU = Release|Any CPU
	EndGlobalSection
	GlobalSection(ProjectConfigurationPlatforms) = postSolution
		{D51B519D-FDBC-4CC1-9F02-9D305A6C4703}.Debug|Any CPU.ActiveCfg = Debug|Any CPU
		{D51B519D-FDBC-4CC1-9F02-9D305A6C4703}.Debug|Any CPU.Build.0 = Debug|Any CPU
		{D51B519D-FDBC-4CC1-9F02-9D305A6C4703}.Release|Any CPU.ActiveCfg = Release|Any CPU
		{D51B519D-FDBC-4CC1-9F02-9D305A6C4703}.Release|Any CPU.Build.0 = Release|Any CPU
		{2E0FB9E0-BFE1-41A1-8A74-B6987CBC35E5}.Debug|Any CPU.ActiveCfg = Debug|Any CPU
		{2E0FB9E0-BFE1-41A1-8A74-B6987CBC35E5}.Debug|Any CPU.Build.0 = Debug|Any CPU
		{2E0FB9E0-BFE1-41A1-8A74-B6987CBC35E5}.Release|Any CPU.ActiveCfg = Release|Any CPU
		{2E0FB9E0-BFE1-41A1-8A74-B6987CBC35E5}.Release|Any CPU.Build.0 = Release|Any CPU
	EndGlobalSection
	GlobalSection(SolutionProperties) = preSolution
		HideSolutionNode = FALSE
	EndGlobalSection
EndGlobal
